
Microsoft Visual Studio Solution File, Format Version 12.00
# Visual Studio Version 16
VisualStudioVersion = 16.0.31321.278
MinimumVisualStudioVersion = 10.0.40219.1
Project("{FAE04EC0-301F-11D3-BF4B-00C04F79EFBC}") = "Task2Scaling", "Task2Scaling\Task2Scaling.csproj", "{231C6153-F9BF-4F48-B458-8D4BFC446E5E}"
EndProject
Global
	GlobalSection(SolutionConfigurationPlatforms) = preSolution
		Debug|Any CPU = Debug|Any CPU
		Release|Any CPU = Release|Any CPU
	EndGlobalSection
	GlobalSection(ProjectConfigurationPlatforms) = postSolution
		{231C6153-F9BF-4F48-B458-8D4BFC446E5E}.Debug|Any CPU.ActiveCfg = Debug|Any CPU
		{231C6153-F9BF-4F48-B458-8D4BFC446E5E}.Debug|Any CPU.Build.0 = Debug|Any CPU
		{231C6153-F9BF-4F48-B458-8D4BFC446E5E}.Release|Any CPU.ActiveCfg = Release|Any CPU
		{231C6153-F9BF-4F48-B458-8D4BFC446E5E}.Release|Any CPU.Build.0 = Release|Any CPU
	EndGlobalSection
	GlobalSection(SolutionProperties) = preSolution
		HideSolutionNode = FALSE
	EndGlobalSection
	GlobalSection(ExtensibilityGlobals) = postSolution
		SolutionGuid = {9CA11257-C4A9-4FBB-98E8-5C18AFC59B98}
	EndGlobalSection
EndGlobal
