
Microsoft Visual Studio Solution File, Format Version 12.00
# Visual Studio Version 16
VisualStudioVersion = 16.0.31321.278
MinimumVisualStudioVersion = 10.0.40219.1
Project("{FAE04EC0-301F-11D3-BF4B-00C04F79EFBC}") = "Task1CaeserCrack", "Task1CaeserCrack\Task1CaeserCrack.csproj", "{C9F11713-558B-416D-9D0D-3E0BAF430509}"
EndProject
Global
	GlobalSection(SolutionConfigurationPlatforms) = preSolution
		Debug|Any CPU = Debug|Any CPU
		Release|Any CPU = Release|Any CPU
	EndGlobalSection
	GlobalSection(ProjectConfigurationPlatforms) = postSolution
		{C9F11713-558B-416D-9D0D-3E0BAF430509}.Debug|Any CPU.ActiveCfg = Debug|Any CPU
		{C9F11713-558B-416D-9D0D-3E0BAF430509}.Debug|Any CPU.Build.0 = Debug|Any CPU
		{C9F11713-558B-416D-9D0D-3E0BAF430509}.Release|Any CPU.ActiveCfg = Release|Any CPU
		{C9F11713-558B-416D-9D0D-3E0BAF430509}.Release|Any CPU.Build.0 = Release|Any CPU
	EndGlobalSection
	GlobalSection(SolutionProperties) = preSolution
		HideSolutionNode = FALSE
	EndGlobalSection
	GlobalSection(ExtensibilityGlobals) = postSolution
		SolutionGuid = {EF0EBE68-4901-4B88-BC54-2FA5C6F180FF}
	EndGlobalSection
EndGlobal
