
Microsoft Visual Studio Solution File, Format Version 12.00
# Visual Studio Version 16
VisualStudioVersion = 16.0.31321.278
MinimumVisualStudioVersion = 10.0.40219.1
Project("{FAE04EC0-301F-11D3-BF4B-00C04F79EFBC}") = "Task1RSA", "Task1RSA\Task1RSA.csproj", "{8AF9AC1D-909F-48F1-8E67-10A5EF7D4870}"
EndProject
Global
	GlobalSection(SolutionConfigurationPlatforms) = preSolution
		Debug|Any CPU = Debug|Any CPU
		Release|Any CPU = Release|Any CPU
	EndGlobalSection
	GlobalSection(ProjectConfigurationPlatforms) = postSolution
		{8AF9AC1D-909F-48F1-8E67-10A5EF7D4870}.Debug|Any CPU.ActiveCfg = Debug|Any CPU
		{8AF9AC1D-909F-48F1-8E67-10A5EF7D4870}.Debug|Any CPU.Build.0 = Debug|Any CPU
		{8AF9AC1D-909F-48F1-8E67-10A5EF7D4870}.Release|Any CPU.ActiveCfg = Release|Any CPU
		{8AF9AC1D-909F-48F1-8E67-10A5EF7D4870}.Release|Any CPU.Build.0 = Release|Any CPU
	EndGlobalSection
	GlobalSection(SolutionProperties) = preSolution
		HideSolutionNode = FALSE
	EndGlobalSection
	GlobalSection(ExtensibilityGlobals) = postSolution
		SolutionGuid = {4F7DA893-AFF3-4ADB-B03B-A78608E4DD7B}
	EndGlobalSection
EndGlobal
